
Microsoft Visual Studio Solution File, Format Version 12.00
# Visual Studio Version 16
VisualStudioVersion = 16.0.32407.337
MinimumVisualStudioVersion = 10.0.40219.1
Project("{8BC9CEB8-8B4A-11D0-8D11-00A0C91BC942}") = "MFCDlgEx", "MFCDlgEx\MFCDlgEx.vcxproj", "{1C181358-6602-4ED2-86A7-A9E1E329BF07}"
EndProject
Global
	GlobalSection(SolutionConfigurationPlatforms) = preSolution
		Debug|x64 = Debug|x64
		Release|x64 = Release|x64
	EndGlobalSection
	GlobalSection(ProjectConfigurationPlatforms) = postSolution
		{1C181358-6602-4ED2-86A7-A9E1E329BF07}.Debug|x64.ActiveCfg = Debug|x64
		{1C181358-6602-4ED2-86A7-A9E1E329BF07}.Debug|x64.Build.0 = Debug|x64
		{1C181358-6602-4ED2-86A7-A9E1E329BF07}.Release|x64.ActiveCfg = Release|x64
		{1C181358-6602-4ED2-86A7-A9E1E329BF07}.Release|x64.Build.0 = Release|x64
	EndGlobalSection
	GlobalSection(SolutionProperties) = preSolution
		HideSolutionNode = FALSE
	EndGlobalSection
	GlobalSection(ExtensibilityGlobals) = postSolution
		SolutionGuid = {C0DA30BD-731F-4CEC-9A86-56BB6779A9D9}
	EndGlobalSection
EndGlobal
